// !$*UTF8*$!
{
	archiveVersion = 1;
	classes = {
	};
	objectVersion = 46;
	objects = {

/* Begin PBXBuildFile section */
		FBA92120240563F60029309E /* main.m in Sources */ = {isa = PBXBuildFile; fileRef = FBA9211F240563F60029309E /* main.m */; };
		FBA92123240563F60029309E /* AppDelegate.m in Sources */ = {isa = PBXBuildFile; fileRef = FBA92122240563F60029309E /* AppDelegate.m */; };
		FBA92126240563F60029309E /* ViewController.m in Sources */ = {isa = PBXBuildFile; fileRef = FBA92125240563F60029309E /* ViewController.m */; };
		FBA92129240563F60029309E /* Main.storyboard in Resources */ = {isa = PBXBuildFile; fileRef = FBA92127240563F60029309E /* Main.storyboard */; };
		FBA9212B240563F60029309E /* Assets.xcassets in Resources */ = {isa = PBXBuildFile; fileRef = FBA9212A240563F60029309E /* Assets.xcassets */; };
		FBA9212E240563F60029309E /* LaunchScreen.storyboard in Resources */ = {isa = PBXBuildFile; fileRef = FBA9212C240563F60029309E /* LaunchScreen.storyboard */; };
/* End PBXBuildFile section */

/* Begin PBXFileReference section */
		FBA9211B240563F60029309E /* TapViewController.app */ = {isa = PBXFileReference; explicitFileType = wrapper.application; includeInIndex = 0; path = TapViewController.app; sourceTree = BUILT_PRODUCTS_DIR; };
		FBA9211F240563F60029309E /* main.m */ = {isa = PBXFileReference; lastKnownFileType = sourcecode.c.objc; path = main.m; sourceTree = "<group>"; };
		FBA92121240563F60029309E /* AppDelegate.h */ = {isa = PBXFileReference; lastKnownFileType = sourcecode.c.h; path = AppDelegate.h; sourceTree = "<group>"; };
		FBA92122240563F60029309E /* AppDelegate.m */ = {isa = PBXFileReference; lastKnownFileType = sourcecode.c.objc; path = AppDelegate.m; sourceTree = "<group>"; };
		FBA92124240563F60029309E /* ViewController.h */ = {isa = PBXFileReference; lastKnownFileType = sourcecode.c.h; path = ViewController.h; sourceTree = "<group>"; };
		FBA92125240563F60029309E /* ViewController.m */ = {isa = PBXFileReference; lastKnownFileType = sourcecode.c.objc; path = ViewController.m; sourceTree = "<group>"; };
		FBA92128240563F60029309E /* Base */ = {isa = PBXFileReference; lastKnownFileType = file.storyboard; name = Base; path = Base.lproj/Main.storyboard; sourceTree = "<group>"; };
		FBA9212A240563F60029309E /* Assets.xcassets */ = {isa = PBXFileReference; lastKnownFileType = folder.assetcatalog; path = Assets.xcassets; sourceTree = "<group>"; };
		FBA9212D240563F60029309E /* Base */ = {isa = PBXFileReference; lastKnownFileType = file.storyboard; name = Base; path = Base.lproj/LaunchScreen.storyboard; sourceTree = "<group>"; };
		FBA9212F240563F60029309E /* Info.plist */ = {isa = PBXFileReference; lastKnownFileType = text.plist.xml; path = Info.plist; sourceTree = "<group>"; };
/* End PBXFileReference section */

/* Begin PBXFrameworksBuildPhase section */
		FBA92118240563F60029309E /* Frameworks */ = {
			isa = PBXFrameworksBuildPhase;
			buildActionMask = 2147483647;
			files = (
			);
			runOnlyForDeploymentPostprocessing = 0;
		};
/* End PBXFrameworksBuildPhase section */

/* Begin PBXGroup section */
		FBA92112240563F60029309E = {
			isa = PBXGroup;
			children = (
				FBA9211D240563F60029309E /* TapViewController */,
				FBA9211C240563F60029309E /* Products */,
			);
			sourceTree = "<group>";
		};
		FBA9211C240563F60029309E /* Products */ = {
			isa = PBXGroup;
			children = (
				FBA9211B240563F60029309E /* TapViewController.app */,
			);
			name = Products;
			sourceTree = "<group>";
		};
		FBA9211D240563F60029309E /* TapViewController */ = {
			isa = PBXGroup;
			children = (
				FBA92121240563F60029309E /* AppDelegate.h */,
				FBA92122240563F60029309E /* AppDelegate.m */,
				FBA92124240563F60029309E /* ViewController.h */,
				FBA92125240563F60029309E /* ViewController.m */,
				FBA92127240563F60029309E /* Main.storyboard */,
				FBA9212A240563F60029309E /* Assets.xcassets */,
				FBA9212C240563F60029309E /* LaunchScreen.storyboard */,
				FBA9212F240563F60029309E /* Info.plist */,
				FBA9211E240563F60029309E /* Supporting Files */,
			);
			path = TapViewController;
			sourceTree = "<group>";
		};
		FBA9211E240563F60029309E /* Supporting Files */ = {
			isa = PBXGroup;
			children = (
				FBA9211F240563F60029309E /* main.m */,
			);
			name = "Supporting Files";
			sourceTree = "<group>";
		};
/* End PBXGroup section */

/* Begin PBXNativeTarget section */
		FBA9211A240563F60029309E /* TapViewController */ = {
			isa = PBXNativeTarget;
			buildConfigurationList = FBA92132240563F60029309E /* Build configuration list for PBXNativeTarget "TapViewController" */;
			buildPhases = (
				FBA92117240563F60029309E /* Sources */,
				FBA92118240563F60029309E /* Frameworks */,
				FBA92119240563F60029309E /* Resources */,
			);
			buildRules = (
			);
			dependencies = (
			);
			name = TapViewController;
			productName = TapViewController;
			productReference = FBA9211B240563F60029309E /* TapViewController.app */;
			productType = "com.apple.product-type.application";
		};
/* End PBXNativeTarget section */

/* Begin PBXProject section */
		FBA92113240563F60029309E /* Project object */ = {
			isa = PBXProject;
			attributes = {
				LastUpgradeCheck = 0820;
				ORGANIZATIONNAME = YaathmiAR;
				TargetAttributes = {
					FBA9211A240563F60029309E = {
						CreatedOnToolsVersion = 8.2;
						ProvisioningStyle = Automatic;
					};
				};
			};
			buildConfigurationList = FBA92116240563F60029309E /* Build configuration list for PBXProject "TapViewController" */;
			compatibilityVersion = "Xcode 3.2";
			developmentRegion = English;
			hasScannedForEncodings = 0;
			knownRegions = (
				en,
				Base,
			);
			mainGroup = FBA92112240563F60029309E;
			productRefGroup = FBA9211C240563F60029309E /* Products */;
			projectDirPath = "";
			projectRoot = "";
			targets = (
				FBA9211A240563F60029309E /* TapViewController */,
			);
		};
/* End PBXProject section */

/* Begin PBXResourcesBuildPhase section */
		FBA92119240563F60029309E /* Resources */ = {
			isa = PBXResourcesBuildPhase;
			buildActionMask = 2147483647;
			files = (
				FBA9212E240563F60029309E /* LaunchScreen.storyboard in Resources */,
				FBA9212B240563F60029309E /* Assets.xcassets in Resources */,
				FBA92129240563F60029309E /* Main.storyboard in Resources */,
			);
			runOnlyForDeploymentPostprocessing = 0;
		};
/* End PBXResourcesBuildPhase section */

/* Begin PBXSourcesBuildPhase section */
		FBA92117240563F60029309E /* Sources */ = {
			isa = PBXSourcesBuildPhase;
			buildActionMask = 2147483647;
			files = (
				FBA92126240563F60029309E /* ViewController.m in Sources */,
				FBA92123240563F60029309E /* AppDelegate.m in Sources */,
				FBA92120240563F60029309E /* main.m in Sources */,
			);
			runOnlyForDeploymentPostprocessing = 0;
		};
/* End PBXSourcesBuildPhase section */

/* Begin PBXVariantGroup section */
		FBA92127240563F60029309E /* Main.storyboard */ = {
			isa = PBXVariantGroup;
			children = (
				FBA92128240563F60029309E /* Base */,
			);
			name = Main.storyboard;
			sourceTree = "<group>";
		};
		FBA9212C240563F60029309E /* LaunchScreen.storyboard */ = {
			isa = PBXVariantGroup;
			children = (
				FBA9212D240563F60029309E /* Base */,
			);
			name = LaunchScreen.storyboard;
			sourceTree = "<group>";
		};
/* End PBXVariantGroup section */

/* Begin XCBuildConfiguration section */
		FBA92130240563F60029309E /* Debug */ = {
			isa = XCBuildConfiguration;
			buildSettings = {
				ALWAYS_SEARCH_USER_PATHS = NO;
				CLANG_ANALYZER_NONNULL = YES;
				CLANG_CXX_LANGUAGE_STANDARD = "gnu++0x";
				CLANG_CXX_LIBRARY = "libc++";
				CLANG_ENABLE_MODULES = YES;
				CLANG_ENABLE_OBJC_ARC = YES;
				CLANG_WARN_BOOL_CONVERSION = YES;
				CLANG_WARN_CONSTANT_CONVERSION = YES;
				CLANG_WARN_DIRECT_OBJC_ISA_USAGE = YES_ERROR;
				CLANG_WARN_DOCUMENTATION_COMMENTS = YES;
				CLANG_WARN_EMPTY_BODY = YES;
				CLANG_WARN_ENUM_CONVERSION = YES;
				CLANG_WARN_INFINITE_RECURSION = YES;
				CLANG_WARN_INT_CONVERSION = YES;
				CLANG_WARN_OBJC_ROOT_CLASS = YES_ERROR;
				CLANG_WARN_SUSPICIOUS_MOVE = YES;
				CLANG_WARN_UNREACHABLE_CODE = YES;
				CLANG_WARN__DUPLICATE_METHOD_MATCH = YES;
				"CODE_SIGN_IDENTITY[sdk=iphoneos*]" = "iPhone Developer";
				COPY_PHASE_STRIP = NO;
				DEBUG_INFORMATION_FORMAT = dwarf;
				ENABLE_STRICT_OBJC_MSGSEND = YES;
				ENABLE_TESTABILITY = YES;
				GCC_C_LANGUAGE_STANDARD = gnu99;
				GCC_DYNAMIC_NO_PIC = NO;
				GCC_NO_COMMON_BLOCKS = YES;
				GCC_OPTIMIZATION_LEVEL = 0;
				GCC_PREPROCESSOR_DEFINITIONS = (
					"DEBUG=1",
					"$(inherited)",
				);
				GCC_WARN_64_TO_32_BIT_CONVERSION = YES;
				GCC_WARN_ABOUT_RETURN_TYPE = YES_ERROR;
				GCC_WARN_UNDECLARED_SELECTOR = YES;
				GCC_WARN_UNINITIALIZED_AUTOS = YES_AGGRESSIVE;
				GCC_WARN_UNUSED_FUNCTION = YES;
				GCC_WARN_UNUSED_VARIABLE = YES;
				IPHONEOS_DEPLOYMENT_TARGET = 10.2;
				MTL_ENABLE_DEBUG_INFO = YES;
				ONLY_ACTIVE_ARCH = YES;
				SDKROOT = iphoneos;
				TARGETED_DEVICE_FAMILY = "1,2";
			};
			name = Debug;
		};
		FBA92131240563F60029309E /* Release */ = {
			isa = XCBuildConfiguration;
			buildSettings = {
				ALWAYS_SEARCH_USER_PATHS = NO;
				CLANG_ANALYZER_NONNULL = YES;
				CLANG_CXX_LANGUAGE_STANDARD = "gnu++0x";
				CLANG_CXX_LIBRARY = "libc++";
				CLANG_ENABLE_MODULES = YES;
				CLANG_ENABLE_OBJC_ARC = YES;
				CLANG_WARN_BOOL_CONVERSION = YES;
				CLANG_WARN_CONSTANT_CONVERSION = YES;
				CLANG_WARN_DIRECT_OBJC_ISA_USAGE = YES_ERROR;
				CLANG_WARN_DOCUMENTATION_COMMENTS = YES;
				CLANG_WARN_EMPTY_BODY = YES;
				CLANG_WARN_ENUM_CONVERSION = YES;
				CLANG_WARN_INFINITE_RECURSION = YES;
				CLANG_WARN_INT_CONVERSION = YES;
				CLANG_WARN_OBJC_ROOT_CLASS = YES_ERROR;
				CLANG_WARN_SUSPICIOUS_MOVE = YES;
				CLANG_WARN_UNREACHABLE_CODE = YES;
				CLANG_WARN__DUPLICATE_METHOD_MATCH = YES;
				"CODE_SIGN_IDENTITY[sdk=iphoneos*]" = "iPhone Developer";
				COPY_PHASE_STRIP = NO;
				DEBUG_INFORMATION_FORMAT = "dwarf-with-dsym";
				ENABLE_NS_ASSERTIONS = NO;
				ENABLE_STRICT_OBJC_MSGSEND = YES;
				GCC_C_LANGUAGE_STANDARD = gnu99;
				GCC_NO_COMMON_BLOCKS = YES;
				GCC_WARN_64_TO_32_BIT_CONVERSION = YES;
				GCC_WARN_ABOUT_RETURN_TYPE = YES_ERROR;
				GCC_WARN_UNDECLARED_SELECTOR = YES;
				GCC_WARN_UNINITIALIZED_AUTOS = YES_AGGRESSIVE;
				GCC_WARN_UNUSED_FUNCTION = YES;
				GCC_WARN_UNUSED_VARIABLE = YES;
				IPHONEOS_DEPLOYMENT_TARGET = 10.2;
				MTL_ENABLE_DEBUG_INFO = NO;
				SDKROOT = iphoneos;
				TARGETED_DEVICE_FAMILY = "1,2";
				VALIDATE_PRODUCT = YES;
			};
			name = Release;
		};
		FBA92133240563F60029309E /* Debug */ = {
			isa = XCBuildConfiguration;
			buildSettings = {
				ASSETCATALOG_COMPILER_APPICON_NAME = AppIcon;
				INFOPLIST_FILE = TapViewController/Info.plist;
				LD_RUNPATH_SEARCH_PATHS = "$(inherited) @executable_path/Frameworks";
				PRODUCT_BUNDLE_IDENTIFIER = com.yaathmi.TapViewController;
				PRODUCT_NAME = "$(TARGET_NAME)";
			};
			name = Debug;
		};
		FBA92134240563F60029309E /* Release */ = {
			isa = XCBuildConfiguration;
			buildSettings = {
				ASSETCATALOG_COMPILER_APPICON_NAME = AppIcon;
				INFOPLIST_FILE = TapViewController/Info.plist;
				LD_RUNPATH_SEARCH_PATHS = "$(inherited) @executable_path/Frameworks";
				PRODUCT_BUNDLE_IDENTIFIER = com.yaathmi.TapViewController;
				PRODUCT_NAME = "$(TARGET_NAME)";
			};
			name = Release;
		};
/* End XCBuildConfiguration section */

/* Begin XCConfigurationList section */
		FBA92116240563F60029309E /* Build configuration list for PBXProject "TapViewController" */ = {
			isa = XCConfigurationList;
			buildConfigurations = (
				FBA92130240563F60029309E /* Debug */,
				FBA92131240563F60029309E /* Release */,
			);
			defaultConfigurationIsVisible = 0;
			defaultConfigurationName = Release;
		};
		FBA92132240563F60029309E /* Build configuration list for PBXNativeTarget "TapViewController" */ = {
			isa = XCConfigurationList;
			buildConfigurations = (
				FBA92133240563F60029309E /* Debug */,
				FBA92134240563F60029309E /* Release */,
			);
			defaultConfigurationIsVisible = 0;
		};
/* End XCConfigurationList section */
	};
	rootObject = FBA92113240563F60029309E /* Project object */;
}
